
Microsoft Visual Studio Solution File, Format Version 12.00
# Visual Studio Version 17
VisualStudioVersion = 17.2.32526.322
MinimumVisualStudioVersion = 10.0.40219.1
Project("{9A19103F-16F7-4668-BE54-9A1E7A4F7556}") = "ViewLayer", "ViewLayer.csproj", "{489BFA5D-3F1A-466F-A453-7690F2741FC2}"
EndProject
Project("{FAE04EC0-301F-11D3-BF4B-00C04F79EFBC}") = "DomainModel", "..\DomainModel\DomainModel.csproj", "{84515E92-7065-499A-B538-F7D107B04AA7}"
EndProject
Project("{FAE04EC0-301F-11D3-BF4B-00C04F79EFBC}") = "Common", "..\Common\Common.csproj", "{553F1981-8B86-4884-BE86-907D733383AF}"
EndProject
Global
	GlobalSection(SolutionConfigurationPlatforms) = preSolution
		Debug|Any CPU = Debug|Any CPU
		Release|Any CPU = Release|Any CPU
	EndGlobalSection
	GlobalSection(ProjectConfigurationPlatforms) = postSolution
		{489BFA5D-3F1A-466F-A453-7690F2741FC2}.Debug|Any CPU.ActiveCfg = Debug|Any CPU
		{489BFA5D-3F1A-466F-A453-7690F2741FC2}.Debug|Any CPU.Build.0 = Debug|Any CPU
		{489BFA5D-3F1A-466F-A453-7690F2741FC2}.Release|Any CPU.ActiveCfg = Release|Any CPU
		{489BFA5D-3F1A-466F-A453-7690F2741FC2}.Release|Any CPU.Build.0 = Release|Any CPU
		{84515E92-7065-499A-B538-F7D107B04AA7}.Debug|Any CPU.ActiveCfg = Debug|Any CPU
		{84515E92-7065-499A-B538-F7D107B04AA7}.Debug|Any CPU.Build.0 = Debug|Any CPU
		{84515E92-7065-499A-B538-F7D107B04AA7}.Release|Any CPU.ActiveCfg = Release|Any CPU
		{84515E92-7065-499A-B538-F7D107B04AA7}.Release|Any CPU.Build.0 = Release|Any CPU
		{553F1981-8B86-4884-BE86-907D733383AF}.Debug|Any CPU.ActiveCfg = Debug|Any CPU
		{553F1981-8B86-4884-BE86-907D733383AF}.Debug|Any CPU.Build.0 = Debug|Any CPU
		{553F1981-8B86-4884-BE86-907D733383AF}.Release|Any CPU.ActiveCfg = Release|Any CPU
		{553F1981-8B86-4884-BE86-907D733383AF}.Release|Any CPU.Build.0 = Release|Any CPU
	EndGlobalSection
	GlobalSection(SolutionProperties) = preSolution
		HideSolutionNode = FALSE
	EndGlobalSection
	GlobalSection(ExtensibilityGlobals) = postSolution
		SolutionGuid = {E40750C9-15D7-45DC-B3DE-CBD820FB0816}
	EndGlobalSection
EndGlobal
