
Microsoft Visual Studio Solution File, Format Version 12.00
# Visual Studio Version 16
VisualStudioVersion = 16.0.31613.86
MinimumVisualStudioVersion = 10.0.40219.1
Project("{FAE04EC0-301F-11D3-BF4B-00C04F79EFBC}") = "TAO_Enhancer", "TAO_Enhancer.csproj", "{E7227A48-D0C7-4489-9565-6A0CCD84D9B9}"
EndProject
Global
	GlobalSection(SolutionConfigurationPlatforms) = preSolution
		Debug|Any CPU = Debug|Any CPU
		Release|Any CPU = Release|Any CPU
	EndGlobalSection
	GlobalSection(ProjectConfigurationPlatforms) = postSolution
		{E7227A48-D0C7-4489-9565-6A0CCD84D9B9}.Debug|Any CPU.ActiveCfg = Debug|Any CPU
		{E7227A48-D0C7-4489-9565-6A0CCD84D9B9}.Debug|Any CPU.Build.0 = Debug|Any CPU
		{E7227A48-D0C7-4489-9565-6A0CCD84D9B9}.Release|Any CPU.ActiveCfg = Release|Any CPU
		{E7227A48-D0C7-4489-9565-6A0CCD84D9B9}.Release|Any CPU.Build.0 = Release|Any CPU
	EndGlobalSection
	GlobalSection(SolutionProperties) = preSolution
		HideSolutionNode = FALSE
	EndGlobalSection
	GlobalSection(ExtensibilityGlobals) = postSolution
		SolutionGuid = {1560B69D-4057-47CF-9497-02C00589B23E}
	EndGlobalSection
EndGlobal
